// !$*UTF8*$!
{
	archiveVersion = 1;
	classes = {
	};
	objectVersion = 55;
	objects = {

/* Begin PBXBuildFile section */
		08122DA727BE813D00F3EF9F /* TabBarItemViewController.swift in Sources */ = {isa = PBXBuildFile; fileRef = 08122DA627BE813D00F3EF9F /* TabBarItemViewController.swift */; };
		08122DA927BE816900F3EF9F /* TopTabView.swift in Sources */ = {isa = PBXBuildFile; fileRef = 08122DA827BE816900F3EF9F /* TopTabView.swift */; };
		08122DAF27BEDDE100F3EF9F /* TopTabItemCoordinator.swift in Sources */ = {isa = PBXBuildFile; fileRef = 08122DAE27BEDDE100F3EF9F /* TopTabItemCoordinator.swift */; };
		082AA33027C1435700E2BA70 /* StatisticWeekItemsMapper.swift in Sources */ = {isa = PBXBuildFile; fileRef = 082AA32F27C1435700E2BA70 /* StatisticWeekItemsMapper.swift */; };
		082AA33227C1868E00E2BA70 /* Date.swift in Sources */ = {isa = PBXBuildFile; fileRef = 082AA33127C1868E00E2BA70 /* Date.swift */; };
		082AA33427C18CD600E2BA70 /* StatisticYearItemsMapper.swift in Sources */ = {isa = PBXBuildFile; fileRef = 082AA33327C18CD600E2BA70 /* StatisticYearItemsMapper.swift */; };
		082AA33627C2758B00E2BA70 /* GraphicView.swift in Sources */ = {isa = PBXBuildFile; fileRef = 082AA33527C2758B00E2BA70 /* GraphicView.swift */; };
		082AA33827C2E12600E2BA70 /* UIView.swift in Sources */ = {isa = PBXBuildFile; fileRef = 082AA33727C2E12600E2BA70 /* UIView.swift */; };
		082AA33A27C2E1DF00E2BA70 /* UITableView.swift in Sources */ = {isa = PBXBuildFile; fileRef = 082AA33927C2E1DF00E2BA70 /* UITableView.swift */; };
		082AA33D27C3808400E2BA70 /* ColumnView.swift in Sources */ = {isa = PBXBuildFile; fileRef = 082AA33C27C3808400E2BA70 /* ColumnView.swift */; };
		082AA33F27C382C900E2BA70 /* ChartCell.swift in Sources */ = {isa = PBXBuildFile; fileRef = 082AA33E27C382C900E2BA70 /* ChartCell.swift */; };
		082ED54227D62F160056A560 /* YearCollectionHeaderView.swift in Sources */ = {isa = PBXBuildFile; fileRef = 082ED54127D62F160056A560 /* YearCollectionHeaderView.swift */; };
		082ED54427D62F380056A560 /* YearCollectionFooterView.swift in Sources */ = {isa = PBXBuildFile; fileRef = 082ED54327D62F380056A560 /* YearCollectionFooterView.swift */; };
		082ED54627D62F4D0056A560 /* YearCollectionCell.swift in Sources */ = {isa = PBXBuildFile; fileRef = 082ED54527D62F4D0056A560 /* YearCollectionCell.swift */; };
		082ED54827D6A00E0056A560 /* Montserrat-SemiBold.ttf in Resources */ = {isa = PBXBuildFile; fileRef = 082ED54727D6A00E0056A560 /* Montserrat-SemiBold.ttf */; };
		082ED54A27D6AD620056A560 /* Montserrat-Bold.ttf in Resources */ = {isa = PBXBuildFile; fileRef = 082ED54927D6A01F0056A560 /* Montserrat-Bold.ttf */; };
		082F5A2727DD393500D3ECA9 /* YearsStatisticViewModel.swift in Sources */ = {isa = PBXBuildFile; fileRef = 082F5A2627DD393500D3ECA9 /* YearsStatisticViewModel.swift */; };
		082F5A2927DE24DE00D3ECA9 /* PaddingLabel.swift in Sources */ = {isa = PBXBuildFile; fileRef = 082F5A2827DE24DE00D3ECA9 /* PaddingLabel.swift */; };
		08884763292F9EBE004EBEF6 /* LegendViewModelTestCase.swift in Sources */ = {isa = PBXBuildFile; fileRef = 08884762292F9EBE004EBEF6 /* LegendViewModelTestCase.swift */; };
		08884766292FA293004EBEF6 /* StatisticWeekItemTestCase.swift in Sources */ = {isa = PBXBuildFile; fileRef = 08884765292FA293004EBEF6 /* StatisticWeekItemTestCase.swift */; };
		0888476A292FA636004EBEF6 /* CoordinatorTestCase.swift in Sources */ = {isa = PBXBuildFile; fileRef = 08884769292FA636004EBEF6 /* CoordinatorTestCase.swift */; };
		0888476C29300241004EBEF6 /* AppCoordinatorTestCase.swift in Sources */ = {isa = PBXBuildFile; fileRef = 0888476B29300241004EBEF6 /* AppCoordinatorTestCase.swift */; };
		0888476E2930047E004EBEF6 /* AnyCoordinator.swift in Sources */ = {isa = PBXBuildFile; fileRef = 0888476D2930047E004EBEF6 /* AnyCoordinator.swift */; };
		0888477029300B0B004EBEF6 /* ExtensionsTestCase.swift in Sources */ = {isa = PBXBuildFile; fileRef = 0888476F29300B0B004EBEF6 /* ExtensionsTestCase.swift */; };
		08884772293162BA004EBEF6 /* DateRangeTestCase.swift in Sources */ = {isa = PBXBuildFile; fileRef = 08884771293162BA004EBEF6 /* DateRangeTestCase.swift */; };
		08884774293164D9004EBEF6 /* StatisticRequestTestCase.swift in Sources */ = {isa = PBXBuildFile; fileRef = 08884773293164D9004EBEF6 /* StatisticRequestTestCase.swift */; };
		08890C6E27C52BB50089804E /* LegendView.swift in Sources */ = {isa = PBXBuildFile; fileRef = 08890C6D27C52BB50089804E /* LegendView.swift */; };
		08890C7027C57BE40089804E /* ChartCellViewModel.swift in Sources */ = {isa = PBXBuildFile; fileRef = 08890C6F27C57BE40089804E /* ChartCellViewModel.swift */; };
		08890C7227C57C080089804E /* WeeksStatisticViewModel.swift in Sources */ = {isa = PBXBuildFile; fileRef = 08890C7127C57C080089804E /* WeeksStatisticViewModel.swift */; };
		08890C7527C828550089804E /* StatisticRequest.swift in Sources */ = {isa = PBXBuildFile; fileRef = 08890C7427C828550089804E /* StatisticRequest.swift */; };
		08890C7727C831670089804E /* StatisticProgress.swift in Sources */ = {isa = PBXBuildFile; fileRef = 08890C7627C831670089804E /* StatisticProgress.swift */; };
		08890C7927C831CD0089804E /* StatisticMonthItem.swift in Sources */ = {isa = PBXBuildFile; fileRef = 08890C7827C831CD0089804E /* StatisticMonthItem.swift */; };
		08890C7B27C832110089804E /* StatisticDayItem.swift in Sources */ = {isa = PBXBuildFile; fileRef = 08890C7A27C832110089804E /* StatisticDayItem.swift */; };
		08890C7E27C8365C0089804E /* StatisticDateHelper.swift in Sources */ = {isa = PBXBuildFile; fileRef = 08890C7D27C8365C0089804E /* StatisticDateHelper.swift */; };
		08890C8027C8C6E10089804E /* StatisticItemsMapper.swift in Sources */ = {isa = PBXBuildFile; fileRef = 08890C7F27C8C6E10089804E /* StatisticItemsMapper.swift */; };
		08890C8427C96D4A0089804E /* NetworkServiceMock.swift in Sources */ = {isa = PBXBuildFile; fileRef = 08890C8327C96D4A0089804E /* NetworkServiceMock.swift */; };
		08890C8627C977150089804E /* Array.swift in Sources */ = {isa = PBXBuildFile; fileRef = 08890C8527C977150089804E /* Array.swift */; };
		08890C8827C977B40089804E /* StatisticWeekItem.swift in Sources */ = {isa = PBXBuildFile; fileRef = 08890C8727C977B40089804E /* StatisticWeekItem.swift */; };
		08890C8A27CA69790089804E /* DashedView.swift in Sources */ = {isa = PBXBuildFile; fileRef = 08890C8927CA69790089804E /* DashedView.swift */; };
		08890C8C27CAD3710089804E /* GraphicViewModel.swift in Sources */ = {isa = PBXBuildFile; fileRef = 08890C8B27CAD3710089804E /* GraphicViewModel.swift */; };
		08890C8E27CAD38B0089804E /* ColumnViewModel.swift in Sources */ = {isa = PBXBuildFile; fileRef = 08890C8D27CAD38B0089804E /* ColumnViewModel.swift */; };
		08890C9027CAD3AF0089804E /* LegendViewModel.swift in Sources */ = {isa = PBXBuildFile; fileRef = 08890C8F27CAD3AE0089804E /* LegendViewModel.swift */; };
		0890533F27BFDD4100BB27A8 /* Localizable.strings in Resources */ = {isa = PBXBuildFile; fileRef = 0890534127BFDD4100BB27A8 /* Localizable.strings */; };
		0890534527BFDE4A00BB27A8 /* Strings.swift in Sources */ = {isa = PBXBuildFile; fileRef = 0890534427BFDE4A00BB27A8 /* Strings.swift */; };
		08CC51BC27BEF42600490375 /* GradientButton.swift in Sources */ = {isa = PBXBuildFile; fileRef = 08CC51BB27BEF42600490375 /* GradientButton.swift */; };
		08CC51BE27BEF4B800490375 /* UIFont.swift in Sources */ = {isa = PBXBuildFile; fileRef = 08CC51BD27BEF4B800490375 /* UIFont.swift */; };
		08CC51C327BF964500490375 /* EmptyStatisticCoordinator.swift in Sources */ = {isa = PBXBuildFile; fileRef = 08CC51C227BF964500490375 /* EmptyStatisticCoordinator.swift */; };
		08CC51C527BF965200490375 /* YearsStatisticCoordinator.swift in Sources */ = {isa = PBXBuildFile; fileRef = 08CC51C427BF965200490375 /* YearsStatisticCoordinator.swift */; };
		08CC51C727BF965A00490375 /* WeeksStatisticCoordinator.swift in Sources */ = {isa = PBXBuildFile; fileRef = 08CC51C627BF965A00490375 /* WeeksStatisticCoordinator.swift */; };
		08CC51CA27BF96A600490375 /* EmptyStatisticViewController.swift in Sources */ = {isa = PBXBuildFile; fileRef = 08CC51C927BF96A600490375 /* EmptyStatisticViewController.swift */; };
		08CC51CC27BF9D0E00490375 /* TabBarItemViewModel.swift in Sources */ = {isa = PBXBuildFile; fileRef = 08CC51CB27BF9D0E00490375 /* TabBarItemViewModel.swift */; };
		08CC51D027BFADEA00490375 /* WeeksStatisticViewController.swift in Sources */ = {isa = PBXBuildFile; fileRef = 08CC51CF27BFADEA00490375 /* WeeksStatisticViewController.swift */; };
		08CC51D227BFADF300490375 /* YearsStatisticViewController.swift in Sources */ = {isa = PBXBuildFile; fileRef = 08CC51D127BFADF300490375 /* YearsStatisticViewController.swift */; };
		08CC51D427BFB31D00490375 /* EmptyStatisticViewModel.swift in Sources */ = {isa = PBXBuildFile; fileRef = 08CC51D327BFB31D00490375 /* EmptyStatisticViewModel.swift */; };
		08CC51D727BFB89D00490375 /* ExerciseOpener.swift in Sources */ = {isa = PBXBuildFile; fileRef = 08CC51D627BFB89D00490375 /* ExerciseOpener.swift */; };
		08CC51DF27BFBB4E00490375 /* BrainUpTests.swift in Sources */ = {isa = PBXBuildFile; fileRef = 08CC51DE27BFBB4E00490375 /* BrainUpTests.swift */; };
		08CC51E627BFC0CE00490375 /* EmptyStatisticCoordinatorTestCase.swift in Sources */ = {isa = PBXBuildFile; fileRef = 08CC51E527BFC0CE00490375 /* EmptyStatisticCoordinatorTestCase.swift */; };
		08CC51E827BFC65A00490375 /* TopTabItemCoordinatorTestCases.swift in Sources */ = {isa = PBXBuildFile; fileRef = 08CC51E727BFC65A00490375 /* TopTabItemCoordinatorTestCases.swift */; };
		08EB762227E6150100FF6B09 /* YearCollectionCellViewModel.swift in Sources */ = {isa = PBXBuildFile; fileRef = 08EB762127E6150100FF6B09 /* YearCollectionCellViewModel.swift */; };
		2C0824D327BD17BE007537CA /* Coordinator.swift in Sources */ = {isa = PBXBuildFile; fileRef = 2C0824D227BD17BE007537CA /* Coordinator.swift */; };
		2C0824D527BD17FE007537CA /* AppCoordinator.swift in Sources */ = {isa = PBXBuildFile; fileRef = 2C0824D427BD17FE007537CA /* AppCoordinator.swift */; };
		2C0824D827BD1928007537CA /* AuthCoordinator.swift in Sources */ = {isa = PBXBuildFile; fileRef = 2C0824D727BD1928007537CA /* AuthCoordinator.swift */; };
		2C0824DA27BD19C1007537CA /* AuthVC.swift in Sources */ = {isa = PBXBuildFile; fileRef = 2C0824D927BD19C1007537CA /* AuthVC.swift */; };
		2C0824E127BD2DB4007537CA /* TabBarCoordinator.swift in Sources */ = {isa = PBXBuildFile; fileRef = 2C0824E027BD2DB4007537CA /* TabBarCoordinator.swift */; };
		2C0824E327BD34E3007537CA /* TabBarPage.swift in Sources */ = {isa = PBXBuildFile; fileRef = 2C0824E227BD34E3007537CA /* TabBarPage.swift */; };
		2C0824E527BE21EF007537CA /* ProfileCoordinator.swift in Sources */ = {isa = PBXBuildFile; fileRef = 2C0824E427BE21EF007537CA /* ProfileCoordinator.swift */; };
		2C0824E727BE22C9007537CA /* DiagnosticsCoordinator.swift in Sources */ = {isa = PBXBuildFile; fileRef = 2C0824E627BE22C9007537CA /* DiagnosticsCoordinator.swift */; };
		2C0824E927BE22F6007537CA /* StatisticsCoordinator.swift in Sources */ = {isa = PBXBuildFile; fileRef = 2C0824E827BE22F6007537CA /* StatisticsCoordinator.swift */; };
		2C0824EB27BE232C007537CA /* ExersicesCoordinator.swift in Sources */ = {isa = PBXBuildFile; fileRef = 2C0824EA27BE232C007537CA /* ExersicesCoordinator.swift */; };
		2C0824ED27BE54CD007537CA /* AppTabBarController.swift in Sources */ = {isa = PBXBuildFile; fileRef = 2C0824EC27BE54CD007537CA /* AppTabBarController.swift */; };
		2C0824F127BE6285007537CA /* CAGradientLayer.swift in Sources */ = {isa = PBXBuildFile; fileRef = 2C0824F027BE6285007537CA /* CAGradientLayer.swift */; };
		2C1DE7D127BA37CE006BCA51 /* AppDelegate.swift in Sources */ = {isa = PBXBuildFile; fileRef = 2C1DE7D027BA37CE006BCA51 /* AppDelegate.swift */; };
		2C1DE7D527BA37CE006BCA51 /* ViewController.swift in Sources */ = {isa = PBXBuildFile; fileRef = 2C1DE7D427BA37CE006BCA51 /* ViewController.swift */; };
		2C1DE7DA27BA37D0006BCA51 /* Assets.xcassets in Resources */ = {isa = PBXBuildFile; fileRef = 2C1DE7D927BA37D0006BCA51 /* Assets.xcassets */; };
		2C1DF6EB27D88B24000717F7 /* FirebaseAuth in Frameworks */ = {isa = PBXBuildFile; productRef = 2C1DF6EA27D88B24000717F7 /* FirebaseAuth */; };
		2C1DF6F127D8B992000717F7 /* AuthVM.swift in Sources */ = {isa = PBXBuildFile; fileRef = 2C1DF6F027D8B992000717F7 /* AuthVM.swift */; };
		2C1DF6F327D8C377000717F7 /* LogoView.swift in Sources */ = {isa = PBXBuildFile; fileRef = 2C1DF6F227D8C377000717F7 /* LogoView.swift */; };
		2C1DF6F527D8D151000717F7 /* BasicVC.swift in Sources */ = {isa = PBXBuildFile; fileRef = 2C1DF6F427D8D151000717F7 /* BasicVC.swift */; };
		2C1DF6F727D8E11C000717F7 /* WhiteButton.swift in Sources */ = {isa = PBXBuildFile; fileRef = 2C1DF6F627D8E11C000717F7 /* WhiteButton.swift */; };
		2C1DF6F927D9DFB3000717F7 /* Token.swift in Sources */ = {isa = PBXBuildFile; fileRef = 2C1DF6F827D9DFB3000717F7 /* Token.swift */; };
		2C1DF6FD27D9E66F000717F7 /* KeychainSwift in Frameworks */ = {isa = PBXBuildFile; productRef = 2C1DF6FC27D9E66F000717F7 /* KeychainSwift */; };
		2C1DF6FF27DA1F10000717F7 /* GoogleService-Info_debug.plist in Resources */ = {isa = PBXBuildFile; fileRef = 2C1DF6FE27DA1F10000717F7 /* GoogleService-Info_debug.plist */; };
		2C1DF70227DB3F6F000717F7 /* SplachVC.swift in Sources */ = {isa = PBXBuildFile; fileRef = 2C1DF70127DB3F6F000717F7 /* SplachVC.swift */; };
		2C1DF70427DB3F84000717F7 /* SplashVM.swift in Sources */ = {isa = PBXBuildFile; fileRef = 2C1DF70327DB3F84000717F7 /* SplashVM.swift */; };
		2C38BA5427BF9C0D002C90F5 /* AlamofireNetworkService.swift in Sources */ = {isa = PBXBuildFile; fileRef = 2C38BA5327BF9C0D002C90F5 /* AlamofireNetworkService.swift */; };
		2C38BA5827BF9CE5002C90F5 /* Encoding.swift in Sources */ = {isa = PBXBuildFile; fileRef = 2C38BA5727BF9CE5002C90F5 /* Encoding.swift */; };
		2C3B220427C7A48C00B6260C /* LogoImageView.swift in Sources */ = {isa = PBXBuildFile; fileRef = 2C3B220327C7A48C00B6260C /* LogoImageView.swift */; };
		2C3B220627C7A5A900B6260C /* LogoLabel.swift in Sources */ = {isa = PBXBuildFile; fileRef = 2C3B220527C7A5A900B6260C /* LogoLabel.swift */; };
		2C3B220827C7ADC300B6260C /* AppTextFieldWithClear.swift in Sources */ = {isa = PBXBuildFile; fileRef = 2C3B220727C7ADC300B6260C /* AppTextFieldWithClear.swift */; };
		2C3B220A27C7B5BD00B6260C /* AppTextFieldPassword.swift in Sources */ = {isa = PBXBuildFile; fileRef = 2C3B220927C7B5BD00B6260C /* AppTextFieldPassword.swift */; };
		2C8DBEDE27BE6A7B002184BF /* AppNavigationController.swift in Sources */ = {isa = PBXBuildFile; fileRef = 2C8DBEDD27BE6A7B002184BF /* AppNavigationController.swift */; };
		2C8DBEE227BF813B002184BF /* Alamofire in Frameworks */ = {isa = PBXBuildFile; productRef = 2C8DBEE127BF813B002184BF /* Alamofire */; };
		2C8DBEE427BF83B8002184BF /* HTTPMethod.swift in Sources */ = {isa = PBXBuildFile; fileRef = 2C8DBEE327BF83B8002184BF /* HTTPMethod.swift */; };
		2C8DBEE827BF85F3002184BF /* Request.swift in Sources */ = {isa = PBXBuildFile; fileRef = 2C8DBEE727BF85F3002184BF /* Request.swift */; };
		2C8DBEEC27BF89B9002184BF /* NetworkService.swift in Sources */ = {isa = PBXBuildFile; fileRef = 2C8DBEEB27BF89B9002184BF /* NetworkService.swift */; };
		2CA0466627DB6C1E0048A5CF /* GoogleService-Info_release.plist in Resources */ = {isa = PBXBuildFile; fileRef = 2CA0466527DB6C1E0048A5CF /* GoogleService-Info_release.plist */; };
		2CE631F127BA69F3004EA327 /* Colors.xcassets in Resources */ = {isa = PBXBuildFile; fileRef = 2CE631F027BA69F3004EA327 /* Colors.xcassets */; };
		2CE631F427BA7F12004EA327 /* ReenieBeanie-Regular.ttf in Resources */ = {isa = PBXBuildFile; fileRef = 2CE631F327BA7F00004EA327 /* ReenieBeanie-Regular.ttf */; };
		2CE631F727BA8435004EA327 /* OpenSans-Regular.ttf in Resources */ = {isa = PBXBuildFile; fileRef = 2CE631F527BA83AC004EA327 /* OpenSans-Regular.ttf */; };
		2CE631F827BA8439004EA327 /* Montserrat-Regular.ttf in Resources */ = {isa = PBXBuildFile; fileRef = 2CE631F627BA841A004EA327 /* Montserrat-Regular.ttf */; };
		2CE7DC3927C5063A003404C7 /* AppTextField.swift in Sources */ = {isa = PBXBuildFile; fileRef = 2CE7DC3827C5063A003404C7 /* AppTextField.swift */; };
		2CEE9FAA27BCCB2200CDD927 /* UIColor.swift in Sources */ = {isa = PBXBuildFile; fileRef = 2CEE9FA927BCCB2200CDD927 /* UIColor.swift */; };
		460CC9907405C58627978B83 /* Pods_BrainUp.framework in Frameworks */ = {isa = PBXBuildFile; fileRef = 1B9AC473CA2DE20CDD0FCD47 /* Pods_BrainUp.framework */; };
/* End PBXBuildFile section */

/* Begin PBXContainerItemProxy section */
		08CC51E027BFBB4E00490375 /* PBXContainerItemProxy */ = {
			isa = PBXContainerItemProxy;
			containerPortal = 2C1DE7C527BA37CE006BCA51 /* Project object */;
			proxyType = 1;
			remoteGlobalIDString = 2C1DE7CC27BA37CE006BCA51;
			remoteInfo = BrainUp;
		};
/* End PBXContainerItemProxy section */

/* Begin PBXFileReference section */
		08122DA627BE813D00F3EF9F /* TabBarItemViewController.swift */ = {isa = PBXFileReference; lastKnownFileType = sourcecode.swift; path = TabBarItemViewController.swift; sourceTree = "<group>"; };
		08122DA827BE816900F3EF9F /* TopTabView.swift */ = {isa = PBXFileReference; lastKnownFileType = sourcecode.swift; path = TopTabView.swift; sourceTree = "<group>"; };
		08122DAE27BEDDE100F3EF9F /* TopTabItemCoordinator.swift */ = {isa = PBXFileReference; lastKnownFileType = sourcecode.swift; path = TopTabItemCoordinator.swift; sourceTree = "<group>"; };
		082AA32F27C1435700E2BA70 /* StatisticWeekItemsMapper.swift */ = {isa = PBXFileReference; lastKnownFileType = sourcecode.swift; path = StatisticWeekItemsMapper.swift; sourceTree = "<group>"; };
		082AA33127C1868E00E2BA70 /* Date.swift */ = {isa = PBXFileReference; lastKnownFileType = sourcecode.swift; path = Date.swift; sourceTree = "<group>"; };
		082AA33327C18CD600E2BA70 /* StatisticYearItemsMapper.swift */ = {isa = PBXFileReference; lastKnownFileType = sourcecode.swift; path = StatisticYearItemsMapper.swift; sourceTree = "<group>"; };
		082AA33527C2758B00E2BA70 /* GraphicView.swift */ = {isa = PBXFileReference; lastKnownFileType = sourcecode.swift; path = GraphicView.swift; sourceTree = "<group>"; };
		082AA33727C2E12600E2BA70 /* UIView.swift */ = {isa = PBXFileReference; lastKnownFileType = sourcecode.swift; path = UIView.swift; sourceTree = "<group>"; };
		082AA33927C2E1DF00E2BA70 /* UITableView.swift */ = {isa = PBXFileReference; lastKnownFileType = sourcecode.swift; path = UITableView.swift; sourceTree = "<group>"; };
		082AA33C27C3808400E2BA70 /* ColumnView.swift */ = {isa = PBXFileReference; lastKnownFileType = sourcecode.swift; path = ColumnView.swift; sourceTree = "<group>"; };
		082AA33E27C382C900E2BA70 /* ChartCell.swift */ = {isa = PBXFileReference; lastKnownFileType = sourcecode.swift; path = ChartCell.swift; sourceTree = "<group>"; };
		082ED54127D62F160056A560 /* YearCollectionHeaderView.swift */ = {isa = PBXFileReference; lastKnownFileType = sourcecode.swift; path = YearCollectionHeaderView.swift; sourceTree = "<group>"; };
		082ED54327D62F380056A560 /* YearCollectionFooterView.swift */ = {isa = PBXFileReference; lastKnownFileType = sourcecode.swift; path = YearCollectionFooterView.swift; sourceTree = "<group>"; };
		082ED54527D62F4D0056A560 /* YearCollectionCell.swift */ = {isa = PBXFileReference; lastKnownFileType = sourcecode.swift; path = YearCollectionCell.swift; sourceTree = "<group>"; };
		082ED54727D6A00E0056A560 /* Montserrat-SemiBold.ttf */ = {isa = PBXFileReference; lastKnownFileType = file; path = "Montserrat-SemiBold.ttf"; sourceTree = "<group>"; };
		082ED54927D6A01F0056A560 /* Montserrat-Bold.ttf */ = {isa = PBXFileReference; lastKnownFileType = file; path = "Montserrat-Bold.ttf"; sourceTree = "<group>"; };
		082F5A2627DD393500D3ECA9 /* YearsStatisticViewModel.swift */ = {isa = PBXFileReference; lastKnownFileType = sourcecode.swift; path = YearsStatisticViewModel.swift; sourceTree = "<group>"; };
		082F5A2827DE24DE00D3ECA9 /* PaddingLabel.swift */ = {isa = PBXFileReference; lastKnownFileType = sourcecode.swift; path = PaddingLabel.swift; sourceTree = "<group>"; };
		08884762292F9EBE004EBEF6 /* LegendViewModelTestCase.swift */ = {isa = PBXFileReference; lastKnownFileType = sourcecode.swift; path = LegendViewModelTestCase.swift; sourceTree = "<group>"; };
		08884765292FA293004EBEF6 /* StatisticWeekItemTestCase.swift */ = {isa = PBXFileReference; lastKnownFileType = sourcecode.swift; path = StatisticWeekItemTestCase.swift; sourceTree = "<group>"; };
		08884769292FA636004EBEF6 /* CoordinatorTestCase.swift */ = {isa = PBXFileReference; lastKnownFileType = sourcecode.swift; path = CoordinatorTestCase.swift; sourceTree = "<group>"; };
		0888476B29300241004EBEF6 /* AppCoordinatorTestCase.swift */ = {isa = PBXFileReference; lastKnownFileType = sourcecode.swift; path = AppCoordinatorTestCase.swift; sourceTree = "<group>"; };
		0888476D2930047E004EBEF6 /* AnyCoordinator.swift */ = {isa = PBXFileReference; lastKnownFileType = sourcecode.swift; path = AnyCoordinator.swift; sourceTree = "<group>"; };
		0888476F29300B0B004EBEF6 /* ExtensionsTestCase.swift */ = {isa = PBXFileReference; lastKnownFileType = sourcecode.swift; path = ExtensionsTestCase.swift; sourceTree = "<group>"; };
		08884771293162BA004EBEF6 /* DateRangeTestCase.swift */ = {isa = PBXFileReference; lastKnownFileType = sourcecode.swift; path = DateRangeTestCase.swift; sourceTree = "<group>"; };
		08884773293164D9004EBEF6 /* StatisticRequestTestCase.swift */ = {isa = PBXFileReference; lastKnownFileType = sourcecode.swift; path = StatisticRequestTestCase.swift; sourceTree = "<group>"; };
		08890C6D27C52BB50089804E /* LegendView.swift */ = {isa = PBXFileReference; lastKnownFileType = sourcecode.swift; path = LegendView.swift; sourceTree = "<group>"; };
		08890C6F27C57BE40089804E /* ChartCellViewModel.swift */ = {isa = PBXFileReference; lastKnownFileType = sourcecode.swift; path = ChartCellViewModel.swift; sourceTree = "<group>"; };
		08890C7127C57C080089804E /* WeeksStatisticViewModel.swift */ = {isa = PBXFileReference; lastKnownFileType = sourcecode.swift; path = WeeksStatisticViewModel.swift; sourceTree = "<group>"; };
		08890C7427C828550089804E /* StatisticRequest.swift */ = {isa = PBXFileReference; lastKnownFileType = sourcecode.swift; path = StatisticRequest.swift; sourceTree = "<group>"; };
		08890C7627C831670089804E /* StatisticProgress.swift */ = {isa = PBXFileReference; lastKnownFileType = sourcecode.swift; path = StatisticProgress.swift; sourceTree = "<group>"; };
		08890C7827C831CD0089804E /* StatisticMonthItem.swift */ = {isa = PBXFileReference; lastKnownFileType = sourcecode.swift; path = StatisticMonthItem.swift; sourceTree = "<group>"; };
		08890C7A27C832110089804E /* StatisticDayItem.swift */ = {isa = PBXFileReference; lastKnownFileType = sourcecode.swift; path = StatisticDayItem.swift; sourceTree = "<group>"; };
		08890C7D27C8365C0089804E /* StatisticDateHelper.swift */ = {isa = PBXFileReference; lastKnownFileType = sourcecode.swift; path = StatisticDateHelper.swift; sourceTree = "<group>"; };
		08890C7F27C8C6E10089804E /* StatisticItemsMapper.swift */ = {isa = PBXFileReference; lastKnownFileType = sourcecode.swift; path = StatisticItemsMapper.swift; sourceTree = "<group>"; };
		08890C8327C96D4A0089804E /* NetworkServiceMock.swift */ = {isa = PBXFileReference; lastKnownFileType = sourcecode.swift; path = NetworkServiceMock.swift; sourceTree = "<group>"; };
		08890C8527C977150089804E /* Array.swift */ = {isa = PBXFileReference; lastKnownFileType = sourcecode.swift; path = Array.swift; sourceTree = "<group>"; };
		08890C8727C977B40089804E /* StatisticWeekItem.swift */ = {isa = PBXFileReference; lastKnownFileType = sourcecode.swift; path = StatisticWeekItem.swift; sourceTree = "<group>"; };
		08890C8927CA69790089804E /* DashedView.swift */ = {isa = PBXFileReference; lastKnownFileType = sourcecode.swift; path = DashedView.swift; sourceTree = "<group>"; };
		08890C8B27CAD3710089804E /* GraphicViewModel.swift */ = {isa = PBXFileReference; lastKnownFileType = sourcecode.swift; path = GraphicViewModel.swift; sourceTree = "<group>"; };
		08890C8D27CAD38B0089804E /* ColumnViewModel.swift */ = {isa = PBXFileReference; lastKnownFileType = sourcecode.swift; path = ColumnViewModel.swift; sourceTree = "<group>"; };
		08890C8F27CAD3AE0089804E /* LegendViewModel.swift */ = {isa = PBXFileReference; lastKnownFileType = sourcecode.swift; path = LegendViewModel.swift; sourceTree = "<group>"; };
		0890534027BFDD4100BB27A8 /* en */ = {isa = PBXFileReference; lastKnownFileType = text.plist.strings; name = en; path = en.lproj/Localizable.strings; sourceTree = "<group>"; };
		0890534327BFDD5A00BB27A8 /* ru */ = {isa = PBXFileReference; lastKnownFileType = text.plist.strings; name = ru; path = ru.lproj/Localizable.strings; sourceTree = "<group>"; };
		0890534427BFDE4A00BB27A8 /* Strings.swift */ = {isa = PBXFileReference; lastKnownFileType = sourcecode.swift; path = Strings.swift; sourceTree = "<group>"; };
		08CC51BB27BEF42600490375 /* GradientButton.swift */ = {isa = PBXFileReference; lastKnownFileType = sourcecode.swift; path = GradientButton.swift; sourceTree = "<group>"; };
		08CC51BD27BEF4B800490375 /* UIFont.swift */ = {isa = PBXFileReference; lastKnownFileType = sourcecode.swift; path = UIFont.swift; sourceTree = "<group>"; };
		08CC51C227BF964500490375 /* EmptyStatisticCoordinator.swift */ = {isa = PBXFileReference; lastKnownFileType = sourcecode.swift; path = EmptyStatisticCoordinator.swift; sourceTree = "<group>"; };
		08CC51C427BF965200490375 /* YearsStatisticCoordinator.swift */ = {isa = PBXFileReference; lastKnownFileType = sourcecode.swift; path = YearsStatisticCoordinator.swift; sourceTree = "<group>"; };
		08CC51C627BF965A00490375 /* WeeksStatisticCoordinator.swift */ = {isa = PBXFileReference; lastKnownFileType = sourcecode.swift; path = WeeksStatisticCoordinator.swift; sourceTree = "<group>"; };
		08CC51C927BF96A600490375 /* EmptyStatisticViewController.swift */ = {isa = PBXFileReference; lastKnownFileType = sourcecode.swift; path = EmptyStatisticViewController.swift; sourceTree = "<group>"; };
		08CC51CB27BF9D0E00490375 /* TabBarItemViewModel.swift */ = {isa = PBXFileReference; lastKnownFileType = sourcecode.swift; path = TabBarItemViewModel.swift; sourceTree = "<group>"; };
		08CC51CF27BFADEA00490375 /* WeeksStatisticViewController.swift */ = {isa = PBXFileReference; lastKnownFileType = sourcecode.swift; path = WeeksStatisticViewController.swift; sourceTree = "<group>"; };
		08CC51D127BFADF300490375 /* YearsStatisticViewController.swift */ = {isa = PBXFileReference; lastKnownFileType = sourcecode.swift; path = YearsStatisticViewController.swift; sourceTree = "<group>"; };
		08CC51D327BFB31D00490375 /* EmptyStatisticViewModel.swift */ = {isa = PBXFileReference; lastKnownFileType = sourcecode.swift; path = EmptyStatisticViewModel.swift; sourceTree = "<group>"; };
		08CC51D627BFB89D00490375 /* ExerciseOpener.swift */ = {isa = PBXFileReference; lastKnownFileType = sourcecode.swift; path = ExerciseOpener.swift; sourceTree = "<group>"; };
		08CC51DC27BFBB4E00490375 /* BrainUpTests.xctest */ = {isa = PBXFileReference; explicitFileType = wrapper.cfbundle; includeInIndex = 0; path = BrainUpTests.xctest; sourceTree = BUILT_PRODUCTS_DIR; };
		08CC51DE27BFBB4E00490375 /* BrainUpTests.swift */ = {isa = PBXFileReference; lastKnownFileType = sourcecode.swift; path = BrainUpTests.swift; sourceTree = "<group>"; };
		08CC51E527BFC0CE00490375 /* EmptyStatisticCoordinatorTestCase.swift */ = {isa = PBXFileReference; lastKnownFileType = sourcecode.swift; path = EmptyStatisticCoordinatorTestCase.swift; sourceTree = "<group>"; };
		08CC51E727BFC65A00490375 /* TopTabItemCoordinatorTestCases.swift */ = {isa = PBXFileReference; lastKnownFileType = sourcecode.swift; path = TopTabItemCoordinatorTestCases.swift; sourceTree = "<group>"; };
		08EB762127E6150100FF6B09 /* YearCollectionCellViewModel.swift */ = {isa = PBXFileReference; lastKnownFileType = sourcecode.swift; path = YearCollectionCellViewModel.swift; sourceTree = "<group>"; };
		1B9AC473CA2DE20CDD0FCD47 /* Pods_BrainUp.framework */ = {isa = PBXFileReference; explicitFileType = wrapper.framework; includeInIndex = 0; path = Pods_BrainUp.framework; sourceTree = BUILT_PRODUCTS_DIR; };
		2C0824D227BD17BE007537CA /* Coordinator.swift */ = {isa = PBXFileReference; lastKnownFileType = sourcecode.swift; path = Coordinator.swift; sourceTree = "<group>"; };
		2C0824D427BD17FE007537CA /* AppCoordinator.swift */ = {isa = PBXFileReference; lastKnownFileType = sourcecode.swift; path = AppCoordinator.swift; sourceTree = "<group>"; };
		2C0824D727BD1928007537CA /* AuthCoordinator.swift */ = {isa = PBXFileReference; lastKnownFileType = sourcecode.swift; path = AuthCoordinator.swift; sourceTree = "<group>"; };
		2C0824D927BD19C1007537CA /* AuthVC.swift */ = {isa = PBXFileReference; lastKnownFileType = sourcecode.swift; path = AuthVC.swift; sourceTree = "<group>"; };
		2C0824E027BD2DB4007537CA /* TabBarCoordinator.swift */ = {isa = PBXFileReference; lastKnownFileType = sourcecode.swift; path = TabBarCoordinator.swift; sourceTree = "<group>"; };
		2C0824E227BD34E3007537CA /* TabBarPage.swift */ = {isa = PBXFileReference; lastKnownFileType = sourcecode.swift; path = TabBarPage.swift; sourceTree = "<group>"; };
		2C0824E427BE21EF007537CA /* ProfileCoordinator.swift */ = {isa = PBXFileReference; lastKnownFileType = sourcecode.swift; path = ProfileCoordinator.swift; sourceTree = "<group>"; };
		2C0824E627BE22C9007537CA /* DiagnosticsCoordinator.swift */ = {isa = PBXFileReference; lastKnownFileType = sourcecode.swift; path = DiagnosticsCoordinator.swift; sourceTree = "<group>"; };
		2C0824E827BE22F6007537CA /* StatisticsCoordinator.swift */ = {isa = PBXFileReference; lastKnownFileType = sourcecode.swift; path = StatisticsCoordinator.swift; sourceTree = "<group>"; };
		2C0824EA27BE232C007537CA /* ExersicesCoordinator.swift */ = {isa = PBXFileReference; lastKnownFileType = sourcecode.swift; path = ExersicesCoordinator.swift; sourceTree = "<group>"; };
		2C0824EC27BE54CD007537CA /* AppTabBarController.swift */ = {isa = PBXFileReference; lastKnownFileType = sourcecode.swift; path = AppTabBarController.swift; sourceTree = "<group>"; };
		2C0824F027BE6285007537CA /* CAGradientLayer.swift */ = {isa = PBXFileReference; lastKnownFileType = sourcecode.swift; path = CAGradientLayer.swift; sourceTree = "<group>"; };
		2C1DE7CD27BA37CE006BCA51 /* BrainUp.app */ = {isa = PBXFileReference; explicitFileType = wrapper.application; includeInIndex = 0; path = BrainUp.app; sourceTree = BUILT_PRODUCTS_DIR; };
		2C1DE7D027BA37CE006BCA51 /* AppDelegate.swift */ = {isa = PBXFileReference; lastKnownFileType = sourcecode.swift; path = AppDelegate.swift; sourceTree = "<group>"; };
		2C1DE7D427BA37CE006BCA51 /* ViewController.swift */ = {isa = PBXFileReference; lastKnownFileType = sourcecode.swift; path = ViewController.swift; sourceTree = "<group>"; };
		2C1DE7D927BA37D0006BCA51 /* Assets.xcassets */ = {isa = PBXFileReference; lastKnownFileType = folder.assetcatalog; path = Assets.xcassets; sourceTree = "<group>"; };
		2C1DE7DE27BA37D0006BCA51 /* Info.plist */ = {isa = PBXFileReference; lastKnownFileType = text.plist.xml; path = Info.plist; sourceTree = "<group>"; };
		2C1DF6F027D8B992000717F7 /* AuthVM.swift */ = {isa = PBXFileReference; lastKnownFileType = sourcecode.swift; path = AuthVM.swift; sourceTree = "<group>"; };
		2C1DF6F227D8C377000717F7 /* LogoView.swift */ = {isa = PBXFileReference; lastKnownFileType = sourcecode.swift; path = LogoView.swift; sourceTree = "<group>"; };
		2C1DF6F427D8D151000717F7 /* BasicVC.swift */ = {isa = PBXFileReference; lastKnownFileType = sourcecode.swift; path = BasicVC.swift; sourceTree = "<group>"; };
		2C1DF6F627D8E11C000717F7 /* WhiteButton.swift */ = {isa = PBXFileReference; lastKnownFileType = sourcecode.swift; path = WhiteButton.swift; sourceTree = "<group>"; };
		2C1DF6F827D9DFB3000717F7 /* Token.swift */ = {isa = PBXFileReference; lastKnownFileType = sourcecode.swift; path = Token.swift; sourceTree = "<group>"; };
		2C1DF6FE27DA1F10000717F7 /* GoogleService-Info_debug.plist */ = {isa = PBXFileReference; fileEncoding = 4; lastKnownFileType = text.plist.xml; path = "GoogleService-Info_debug.plist"; sourceTree = "<group>"; };
		2C1DF70127DB3F6F000717F7 /* SplachVC.swift */ = {isa = PBXFileReference; lastKnownFileType = sourcecode.swift; path = SplachVC.swift; sourceTree = "<group>"; };
		2C1DF70327DB3F84000717F7 /* SplashVM.swift */ = {isa = PBXFileReference; lastKnownFileType = sourcecode.swift; path = SplashVM.swift; sourceTree = "<group>"; };
		2C38BA5327BF9C0D002C90F5 /* AlamofireNetworkService.swift */ = {isa = PBXFileReference; lastKnownFileType = sourcecode.swift; path = AlamofireNetworkService.swift; sourceTree = "<group>"; };
		2C38BA5727BF9CE5002C90F5 /* Encoding.swift */ = {isa = PBXFileReference; lastKnownFileType = sourcecode.swift; path = Encoding.swift; sourceTree = "<group>"; };
		2C3B220327C7A48C00B6260C /* LogoImageView.swift */ = {isa = PBXFileReference; lastKnownFileType = sourcecode.swift; path = LogoImageView.swift; sourceTree = "<group>"; };
		2C3B220527C7A5A900B6260C /* LogoLabel.swift */ = {isa = PBXFileReference; lastKnownFileType = sourcecode.swift; path = LogoLabel.swift; sourceTree = "<group>"; };
		2C3B220727C7ADC300B6260C /* AppTextFieldWithClear.swift */ = {isa = PBXFileReference; lastKnownFileType = sourcecode.swift; path = AppTextFieldWithClear.swift; sourceTree = "<group>"; };
		2C3B220927C7B5BD00B6260C /* AppTextFieldPassword.swift */ = {isa = PBXFileReference; lastKnownFileType = sourcecode.swift; path = AppTextFieldPassword.swift; sourceTree = "<group>"; };
		2C8DBEDD27BE6A7B002184BF /* AppNavigationController.swift */ = {isa = PBXFileReference; lastKnownFileType = sourcecode.swift; path = AppNavigationController.swift; sourceTree = "<group>"; };
		2C8DBEE327BF83B8002184BF /* HTTPMethod.swift */ = {isa = PBXFileReference; lastKnownFileType = sourcecode.swift; path = HTTPMethod.swift; sourceTree = "<group>"; };
		2C8DBEE727BF85F3002184BF /* Request.swift */ = {isa = PBXFileReference; lastKnownFileType = sourcecode.swift; path = Request.swift; sourceTree = "<group>"; };
		2C8DBEEB27BF89B9002184BF /* NetworkService.swift */ = {isa = PBXFileReference; lastKnownFileType = sourcecode.swift; path = NetworkService.swift; sourceTree = "<group>"; };
		2CA0466527DB6C1E0048A5CF /* GoogleService-Info_release.plist */ = {isa = PBXFileReference; fileEncoding = 4; lastKnownFileType = text.plist.xml; path = "GoogleService-Info_release.plist"; sourceTree = "<group>"; };
		2CE631EE27BA4C12004EA327 /* .swiftlint.yml */ = {isa = PBXFileReference; fileEncoding = 4; lastKnownFileType = text.yaml; path = .swiftlint.yml; sourceTree = SOURCE_ROOT; };
		2CE631F027BA69F3004EA327 /* Colors.xcassets */ = {isa = PBXFileReference; lastKnownFileType = folder.assetcatalog; path = Colors.xcassets; sourceTree = "<group>"; };
		2CE631F327BA7F00004EA327 /* ReenieBeanie-Regular.ttf */ = {isa = PBXFileReference; lastKnownFileType = file; path = "ReenieBeanie-Regular.ttf"; sourceTree = "<group>"; };
		2CE631F527BA83AC004EA327 /* OpenSans-Regular.ttf */ = {isa = PBXFileReference; lastKnownFileType = file; path = "OpenSans-Regular.ttf"; sourceTree = "<group>"; };
		2CE631F627BA841A004EA327 /* Montserrat-Regular.ttf */ = {isa = PBXFileReference; lastKnownFileType = file; path = "Montserrat-Regular.ttf"; sourceTree = "<group>"; };
		2CE7DC3827C5063A003404C7 /* AppTextField.swift */ = {isa = PBXFileReference; lastKnownFileType = sourcecode.swift; path = AppTextField.swift; sourceTree = "<group>"; };
		2CEE9FA927BCCB2200CDD927 /* UIColor.swift */ = {isa = PBXFileReference; lastKnownFileType = sourcecode.swift; path = UIColor.swift; sourceTree = "<group>"; };
		D5C802AB4498D4351354B4D4 /* Pods-BrainUp.release.xcconfig */ = {isa = PBXFileReference; includeInIndex = 1; lastKnownFileType = text.xcconfig; name = "Pods-BrainUp.release.xcconfig"; path = "Target Support Files/Pods-BrainUp/Pods-BrainUp.release.xcconfig"; sourceTree = "<group>"; };
		DE54A60FC2B7F8B70A6F844C /* Pods-BrainUp.debug.xcconfig */ = {isa = PBXFileReference; includeInIndex = 1; lastKnownFileType = text.xcconfig; name = "Pods-BrainUp.debug.xcconfig"; path = "Target Support Files/Pods-BrainUp/Pods-BrainUp.debug.xcconfig"; sourceTree = "<group>"; };
/* End PBXFileReference section */

/* Begin PBXFrameworksBuildPhase section */
		08CC51D927BFBB4E00490375 /* Frameworks */ = {
			isa = PBXFrameworksBuildPhase;
			buildActionMask = 2147483647;
			files = (
			);
			runOnlyForDeploymentPostprocessing = 0;
		};
		2C1DE7CA27BA37CE006BCA51 /* Frameworks */ = {
			isa = PBXFrameworksBuildPhase;
			buildActionMask = 2147483647;
			files = (
				460CC9907405C58627978B83 /* Pods_BrainUp.framework in Frameworks */,
				2C1DF6EB27D88B24000717F7 /* FirebaseAuth in Frameworks */,
				2C1DF6FD27D9E66F000717F7 /* KeychainSwift in Frameworks */,
				2C8DBEE227BF813B002184BF /* Alamofire in Frameworks */,
			);
			runOnlyForDeploymentPostprocessing = 0;
		};
/* End PBXFrameworksBuildPhase section */

/* Begin PBXGroup section */
		082AA33B27C37EF700E2BA70 /* chart */ = {
			isa = PBXGroup;
			children = (
				082AA33527C2758B00E2BA70 /* GraphicView.swift */,
				08890C8B27CAD3710089804E /* GraphicViewModel.swift */,
				08890C9127CAD4F40089804E /* column */,
				08890C8927CA69790089804E /* DashedView.swift */,
			);
			path = chart;
			sourceTree = "<group>";
		};
		082ED54027D62F090056A560 /* Elements */ = {
			isa = PBXGroup;
			children = (
				082ED54127D62F160056A560 /* YearCollectionHeaderView.swift */,
				082ED54327D62F380056A560 /* YearCollectionFooterView.swift */,
				082ED54527D62F4D0056A560 /* YearCollectionCell.swift */,
				08EB762127E6150100FF6B09 /* YearCollectionCellViewModel.swift */,
			);
			path = Elements;
			sourceTree = "<group>";
		};
		08884764292F9ED1004EBEF6 /* Statistic */ = {
			isa = PBXGroup;
			children = (
				08884762292F9EBE004EBEF6 /* LegendViewModelTestCase.swift */,
				08884771293162BA004EBEF6 /* DateRangeTestCase.swift */,
				08884773293164D9004EBEF6 /* StatisticRequestTestCase.swift */,
				08884765292FA293004EBEF6 /* StatisticWeekItemTestCase.swift */,
			);
			path = Statistic;
			sourceTree = "<group>";
		};
		08890C7327C81F1D0089804E /* Entity */ = {
			isa = PBXGroup;
			children = (
				08890C7827C831CD0089804E /* StatisticMonthItem.swift */,
				08890C8727C977B40089804E /* StatisticWeekItem.swift */,
				08890C7A27C832110089804E /* StatisticDayItem.swift */,
			);
			path = Entity;
			sourceTree = "<group>";
		};
		08890C7C27C836460089804E /* Helpers */ = {
			isa = PBXGroup;
			children = (
				08890C8127C8C7400089804E /* Mappers */,
				08890C7427C828550089804E /* StatisticRequest.swift */,
				08890C7D27C8365C0089804E /* StatisticDateHelper.swift */,
				08890C7627C831670089804E /* StatisticProgress.swift */,
			);
			path = Helpers;
			sourceTree = "<group>";
		};
		08890C8127C8C7400089804E /* Mappers */ = {
			isa = PBXGroup;
			children = (
				082AA32F27C1435700E2BA70 /* StatisticWeekItemsMapper.swift */,
				082AA33327C18CD600E2BA70 /* StatisticYearItemsMapper.swift */,
				08890C7F27C8C6E10089804E /* StatisticItemsMapper.swift */,
			);
			path = Mappers;
			sourceTree = "<group>";
		};
		08890C8227C8CDCE0089804E /* cell */ = {
			isa = PBXGroup;
			children = (
				08890C6F27C57BE40089804E /* ChartCellViewModel.swift */,
				082AA33E27C382C900E2BA70 /* ChartCell.swift */,
				082AA33B27C37EF700E2BA70 /* chart */,
				08890C9227CAD50E0089804E /* legend */,
			);
			path = cell;
			sourceTree = "<group>";
		};
		08890C9127CAD4F40089804E /* column */ = {
			isa = PBXGroup;
			children = (
				08890C8D27CAD38B0089804E /* ColumnViewModel.swift */,
				082AA33C27C3808400E2BA70 /* ColumnView.swift */,
			);
			path = column;
			sourceTree = "<group>";
		};
		08890C9227CAD50E0089804E /* legend */ = {
			isa = PBXGroup;
			children = (
				08890C8F27CAD3AE0089804E /* LegendViewModel.swift */,
				08890C6D27C52BB50089804E /* LegendView.swift */,
			);
			path = legend;
			sourceTree = "<group>";
		};
		08CC51BF27BF937200490375 /* TabBarItem */ = {
			isa = PBXGroup;
			children = (
				08122DAE27BEDDE100F3EF9F /* TopTabItemCoordinator.swift */,
				08CC51CB27BF9D0E00490375 /* TabBarItemViewModel.swift */,
				08122DA627BE813D00F3EF9F /* TabBarItemViewController.swift */,
			);
			path = TabBarItem;
			sourceTree = "<group>";
		};
		08CC51C027BF938E00490375 /* CommonViews */ = {
			isa = PBXGroup;
			children = (
				08CC51BB27BEF42600490375 /* GradientButton.swift */,
				08122DA827BE816900F3EF9F /* TopTabView.swift */,
				082F5A2827DE24DE00D3ECA9 /* PaddingLabel.swift */,
				2CE7DC3827C5063A003404C7 /* AppTextField.swift */,
				2C3B220727C7ADC300B6260C /* AppTextFieldWithClear.swift */,
				2C3B220927C7B5BD00B6260C /* AppTextFieldPassword.swift */,
				2C1DF6F627D8E11C000717F7 /* WhiteButton.swift */,
			);
			path = CommonViews;
			sourceTree = "<group>";
		};
		08CC51C127BF963500490375 /* YearsStatistic */ = {
			isa = PBXGroup;
			children = (
				08CC51C427BF965200490375 /* YearsStatisticCoordinator.swift */,
				08CC51D127BFADF300490375 /* YearsStatisticViewController.swift */,
				082F5A2627DD393500D3ECA9 /* YearsStatisticViewModel.swift */,
				082ED54027D62F090056A560 /* Elements */,
			);
			path = YearsStatistic;
			sourceTree = "<group>";
		};
		08CC51C827BF969100490375 /* WeeksStatistic */ = {
			isa = PBXGroup;
			children = (
				08CC51C627BF965A00490375 /* WeeksStatisticCoordinator.swift */,
				08CC51CF27BFADEA00490375 /* WeeksStatisticViewController.swift */,
				08890C7127C57C080089804E /* WeeksStatisticViewModel.swift */,
				08890C8227C8CDCE0089804E /* cell */,
			);
			path = WeeksStatistic;
			sourceTree = "<group>";
		};
		08CC51D527BFB33300490375 /* EmptyStatistic */ = {
			isa = PBXGroup;
			children = (
				08CC51C227BF964500490375 /* EmptyStatisticCoordinator.swift */,
				08CC51D327BFB31D00490375 /* EmptyStatisticViewModel.swift */,
				08CC51C927BF96A600490375 /* EmptyStatisticViewController.swift */,
			);
			path = EmptyStatistic;
			sourceTree = "<group>";
		};
		08CC51DD27BFBB4E00490375 /* BrainUpTests */ = {
			isa = PBXGroup;
			children = (
				08CC51DE27BFBB4E00490375 /* BrainUpTests.swift */,
				08884764292F9ED1004EBEF6 /* Statistic */,
				08CC51E527BFC0CE00490375 /* EmptyStatisticCoordinatorTestCase.swift */,
				08CC51E727BFC65A00490375 /* TopTabItemCoordinatorTestCases.swift */,
				0888476D2930047E004EBEF6 /* AnyCoordinator.swift */,
				08884769292FA636004EBEF6 /* CoordinatorTestCase.swift */,
				0888476F29300B0B004EBEF6 /* ExtensionsTestCase.swift */,
				0888476B29300241004EBEF6 /* AppCoordinatorTestCase.swift */,
			);
			path = BrainUpTests;
			sourceTree = "<group>";
		};
		0E8DFA33346F16DD59205D3B /* Pods */ = {
			isa = PBXGroup;
			children = (
				DE54A60FC2B7F8B70A6F844C /* Pods-BrainUp.debug.xcconfig */,
				D5C802AB4498D4351354B4D4 /* Pods-BrainUp.release.xcconfig */,
			);
			path = Pods;
			sourceTree = "<group>";
		};
		2C0824D127BD179A007537CA /* basics */ = {
			isa = PBXGroup;
			children = (
				2C1DF6F427D8D151000717F7 /* BasicVC.swift */,
				2C0824D227BD17BE007537CA /* Coordinator.swift */,
				2C0824D427BD17FE007537CA /* AppCoordinator.swift */,
				2C0824EC27BE54CD007537CA /* AppTabBarController.swift */,
				2C8DBEDD27BE6A7B002184BF /* AppNavigationController.swift */,
				08CC51D627BFB89D00490375 /* ExerciseOpener.swift */,
				2C1DF6F827D9DFB3000717F7 /* Token.swift */,
				08CC51BF27BF937200490375 /* TabBarItem */,
				08CC51C027BF938E00490375 /* CommonViews */,
			);
			path = basics;
			sourceTree = "<group>";
		};
		2C0824D627BD1906007537CA /* Auth */ = {
			isa = PBXGroup;
			children = (
				2C0824D727BD1928007537CA /* AuthCoordinator.swift */,
				2C0824D927BD19C1007537CA /* AuthVC.swift */,
				2C3B220327C7A48C00B6260C /* LogoImageView.swift */,
				2C3B220527C7A5A900B6260C /* LogoLabel.swift */,
				2C1DF6F027D8B992000717F7 /* AuthVM.swift */,
				2C1DF6F227D8C377000717F7 /* LogoView.swift */,
			);
			path = Auth;
			sourceTree = "<group>";
		};
		2C0824DB27BD21F9007537CA /* Exercises */ = {
			isa = PBXGroup;
			children = (
				2C0824EA27BE232C007537CA /* ExersicesCoordinator.swift */,
			);
			path = Exercises;
			sourceTree = "<group>";
		};
		2C0824DC27BD221D007537CA /* Statistics */ = {
			isa = PBXGroup;
			children = (
				2C0824E827BE22F6007537CA /* StatisticsCoordinator.swift */,
				08890C8327C96D4A0089804E /* NetworkServiceMock.swift */,
				08890C7C27C836460089804E /* Helpers */,
				08890C7327C81F1D0089804E /* Entity */,
				08CC51D527BFB33300490375 /* EmptyStatistic */,
				08CC51C827BF969100490375 /* WeeksStatistic */,
				08CC51C127BF963500490375 /* YearsStatistic */,
			);
			path = Statistics;
			sourceTree = "<group>";
		};
		2C0824DD27BD223F007537CA /* Diagnostics */ = {
			isa = PBXGroup;
			children = (
				2C0824E627BE22C9007537CA /* DiagnosticsCoordinator.swift */,
			);
			path = Diagnostics;
			sourceTree = "<group>";
		};
		2C0824DE27BD2264007537CA /* Profile */ = {
			isa = PBXGroup;
			children = (
				2C0824E427BE21EF007537CA /* ProfileCoordinator.swift */,
			);
			path = Profile;
			sourceTree = "<group>";
		};
		2C0824DF27BD23F5007537CA /* TabBar */ = {
			isa = PBXGroup;
			children = (
				2C0824E027BD2DB4007537CA /* TabBarCoordinator.swift */,
				2C0824E227BD34E3007537CA /* TabBarPage.swift */,
			);
			path = TabBar;
			sourceTree = "<group>";
		};
		2C1DE7C427BA37CE006BCA51 = {
			isa = PBXGroup;
			children = (
				2C1DE7CF27BA37CE006BCA51 /* BrainUp */,
				08CC51DD27BFBB4E00490375 /* BrainUpTests */,
				2C1DE7CE27BA37CE006BCA51 /* Products */,
				0E8DFA33346F16DD59205D3B /* Pods */,
				37C0B6CC969839992484E2CE /* Frameworks */,
			);
			sourceTree = "<group>";
		};
		2C1DE7CE27BA37CE006BCA51 /* Products */ = {
			isa = PBXGroup;
			children = (
				2C1DE7CD27BA37CE006BCA51 /* BrainUp.app */,
				08CC51DC27BFBB4E00490375 /* BrainUpTests.xctest */,
			);
			name = Products;
			sourceTree = "<group>";
		};
		2C1DE7CF27BA37CE006BCA51 /* BrainUp */ = {
			isa = PBXGroup;
			children = (
				2C1DF70027DB3F5A000717F7 /* Splash */,
				2C8DBEDF27BF8080002184BF /* Network */,
				2C0824DF27BD23F5007537CA /* TabBar */,
				2C0824DE27BD2264007537CA /* Profile */,
				2C0824DD27BD223F007537CA /* Diagnostics */,
				2C0824DC27BD221D007537CA /* Statistics */,
				2C0824DB27BD21F9007537CA /* Exercises */,
				2C0824D627BD1906007537CA /* Auth */,
				2C0824D127BD179A007537CA /* basics */,
				2CEE9FA827BCCAF800CDD927 /* extensions */,
				2CE631F227BA7ED2004EA327 /* fonts */,
				2C1DE7D027BA37CE006BCA51 /* AppDelegate.swift */,
				2C1DE7D427BA37CE006BCA51 /* ViewController.swift */,
				2C1DF6FE27DA1F10000717F7 /* GoogleService-Info_debug.plist */,
				2CA0466527DB6C1E0048A5CF /* GoogleService-Info_release.plist */,
				2C1DE7D927BA37D0006BCA51 /* Assets.xcassets */,
				2C1DE7DE27BA37D0006BCA51 /* Info.plist */,
				2CE631EE27BA4C12004EA327 /* .swiftlint.yml */,
				2CE631F027BA69F3004EA327 /* Colors.xcassets */,
				0890534127BFDD4100BB27A8 /* Localizable.strings */,
			);
			path = BrainUp;
			sourceTree = "<group>";
		};
		2C1DF70027DB3F5A000717F7 /* Splash */ = {
			isa = PBXGroup;
			children = (
				2C1DF70127DB3F6F000717F7 /* SplachVC.swift */,
				2C1DF70327DB3F84000717F7 /* SplashVM.swift */,
			);
			path = Splash;
			sourceTree = "<group>";
		};
		2C8DBEDF27BF8080002184BF /* Network */ = {
			isa = PBXGroup;
			children = (
				2C8DBEE327BF83B8002184BF /* HTTPMethod.swift */,
				2C38BA5727BF9CE5002C90F5 /* Encoding.swift */,
				2C8DBEE727BF85F3002184BF /* Request.swift */,
				2C8DBEEB27BF89B9002184BF /* NetworkService.swift */,
				2C38BA5327BF9C0D002C90F5 /* AlamofireNetworkService.swift */,
			);
			path = Network;
			sourceTree = "<group>";
		};
		2CE631F227BA7ED2004EA327 /* fonts */ = {
			isa = PBXGroup;
			children = (
				082ED54927D6A01F0056A560 /* Montserrat-Bold.ttf */,
				082ED54727D6A00E0056A560 /* Montserrat-SemiBold.ttf */,
				2CE631F627BA841A004EA327 /* Montserrat-Regular.ttf */,
				2CE631F527BA83AC004EA327 /* OpenSans-Regular.ttf */,
				2CE631F327BA7F00004EA327 /* ReenieBeanie-Regular.ttf */,
			);
			path = fonts;
			sourceTree = "<group>";
		};
		2CEE9FA827BCCAF800CDD927 /* extensions */ = {
			isa = PBXGroup;
			children = (
				2CEE9FA927BCCB2200CDD927 /* UIColor.swift */,
				08890C8527C977150089804E /* Array.swift */,
				082AA33927C2E1DF00E2BA70 /* UITableView.swift */,
				082AA33727C2E12600E2BA70 /* UIView.swift */,
				082AA33127C1868E00E2BA70 /* Date.swift */,
				08CC51BD27BEF4B800490375 /* UIFont.swift */,
				0890534427BFDE4A00BB27A8 /* Strings.swift */,
				2C0824F027BE6285007537CA /* CAGradientLayer.swift */,
			);
			path = extensions;
			sourceTree = "<group>";
		};
		37C0B6CC969839992484E2CE /* Frameworks */ = {
			isa = PBXGroup;
			children = (
				1B9AC473CA2DE20CDD0FCD47 /* Pods_BrainUp.framework */,
			);
			name = Frameworks;
			sourceTree = "<group>";
		};
/* End PBXGroup section */

/* Begin PBXNativeTarget section */
		08CC51DB27BFBB4E00490375 /* BrainUpTests */ = {
			isa = PBXNativeTarget;
			buildConfigurationList = 08CC51E227BFBB4E00490375 /* Build configuration list for PBXNativeTarget "BrainUpTests" */;
			buildPhases = (
				08CC51D827BFBB4E00490375 /* Sources */,
				08CC51D927BFBB4E00490375 /* Frameworks */,
				08CC51DA27BFBB4E00490375 /* Resources */,
			);
			buildRules = (
			);
			dependencies = (
				08CC51E127BFBB4E00490375 /* PBXTargetDependency */,
			);
			name = BrainUpTests;
			productName = BrainUpTests;
			productReference = 08CC51DC27BFBB4E00490375 /* BrainUpTests.xctest */;
			productType = "com.apple.product-type.bundle.unit-test";
		};
		2C1DE7CC27BA37CE006BCA51 /* BrainUp */ = {
			isa = PBXNativeTarget;
			buildConfigurationList = 2C1DE7E127BA37D0006BCA51 /* Build configuration list for PBXNativeTarget "BrainUp" */;
			buildPhases = (
				0C54525D87469AEBE6994232 /* [CP] Check Pods Manifest.lock */,
				2C1DE7C927BA37CE006BCA51 /* Sources */,
				2C1DE7CA27BA37CE006BCA51 /* Frameworks */,
				2C1DE7CB27BA37CE006BCA51 /* Resources */,
				2CE631ED27BA4988004EA327 /* SwiftLint */,
			);
			buildRules = (
			);
			dependencies = (
			);
			name = BrainUp;
			packageProductDependencies = (
				2C8DBEE127BF813B002184BF /* Alamofire */,
				2C1DF6EA27D88B24000717F7 /* FirebaseAuth */,
				2C1DF6FC27D9E66F000717F7 /* KeychainSwift */,
			);
			productName = BrainUp;
			productReference = 2C1DE7CD27BA37CE006BCA51 /* BrainUp.app */;
			productType = "com.apple.product-type.application";
		};
/* End PBXNativeTarget section */

/* Begin PBXProject section */
		2C1DE7C527BA37CE006BCA51 /* Project object */ = {
			isa = PBXProject;
			attributes = {
				BuildIndependentTargetsInParallel = 1;
				LastSwiftUpdateCheck = 1320;
				LastUpgradeCheck = 1320;
				TargetAttributes = {
					08CC51DB27BFBB4E00490375 = {
						CreatedOnToolsVersion = 13.2.1;
						TestTargetID = 2C1DE7CC27BA37CE006BCA51;
					};
					2C1DE7CC27BA37CE006BCA51 = {
						CreatedOnToolsVersion = 13.2.1;
					};
				};
			};
			buildConfigurationList = 2C1DE7C827BA37CE006BCA51 /* Build configuration list for PBXProject "BrainUp" */;
			compatibilityVersion = "Xcode 13.0";
			developmentRegion = en;
			hasScannedForEncodings = 0;
			knownRegions = (
				en,
				Base,
				ru,
			);
			mainGroup = 2C1DE7C427BA37CE006BCA51;
			packageReferences = (
				2C8DBEE027BF813B002184BF /* XCRemoteSwiftPackageReference "Alamofire" */,
				2C1DF6E927D88B24000717F7 /* XCRemoteSwiftPackageReference "firebase-ios-sdk" */,
				2C1DF6FB27D9E66F000717F7 /* XCRemoteSwiftPackageReference "keychain-swift" */,
			);
			productRefGroup = 2C1DE7CE27BA37CE006BCA51 /* Products */;
			projectDirPath = "";
			projectRoot = "";
			targets = (
				2C1DE7CC27BA37CE006BCA51 /* BrainUp */,
				08CC51DB27BFBB4E00490375 /* BrainUpTests */,
			);
		};
/* End PBXProject section */

/* Begin PBXResourcesBuildPhase section */
		08CC51DA27BFBB4E00490375 /* Resources */ = {
			isa = PBXResourcesBuildPhase;
			buildActionMask = 2147483647;
			files = (
			);
			runOnlyForDeploymentPostprocessing = 0;
		};
		2C1DE7CB27BA37CE006BCA51 /* Resources */ = {
			isa = PBXResourcesBuildPhase;
			buildActionMask = 2147483647;
			files = (
				2CE631F427BA7F12004EA327 /* ReenieBeanie-Regular.ttf in Resources */,
				2CE631F827BA8439004EA327 /* Montserrat-Regular.ttf in Resources */,
				2CA0466627DB6C1E0048A5CF /* GoogleService-Info_release.plist in Resources */,
				2CE631F127BA69F3004EA327 /* Colors.xcassets in Resources */,
				0890533F27BFDD4100BB27A8 /* Localizable.strings in Resources */,
				082ED54A27D6AD620056A560 /* Montserrat-Bold.ttf in Resources */,
				2C1DF6FF27DA1F10000717F7 /* GoogleService-Info_debug.plist in Resources */,
				2CE631F727BA8435004EA327 /* OpenSans-Regular.ttf in Resources */,
				082ED54827D6A00E0056A560 /* Montserrat-SemiBold.ttf in Resources */,
				2C1DE7DA27BA37D0006BCA51 /* Assets.xcassets in Resources */,
			);
			runOnlyForDeploymentPostprocessing = 0;
		};
/* End PBXResourcesBuildPhase section */

/* Begin PBXShellScriptBuildPhase section */
		0C54525D87469AEBE6994232 /* [CP] Check Pods Manifest.lock */ = {
			isa = PBXShellScriptBuildPhase;
			buildActionMask = 2147483647;
			files = (
			);
			inputFileListPaths = (
			);
			inputPaths = (
				"${PODS_PODFILE_DIR_PATH}/Podfile.lock",
				"${PODS_ROOT}/Manifest.lock",
			);
			name = "[CP] Check Pods Manifest.lock";
			outputFileListPaths = (
			);
			outputPaths = (
				"$(DERIVED_FILE_DIR)/Pods-BrainUp-checkManifestLockResult.txt",
			);
			runOnlyForDeploymentPostprocessing = 0;
			shellPath = /bin/sh;
			shellScript = "diff \"${PODS_PODFILE_DIR_PATH}/Podfile.lock\" \"${PODS_ROOT}/Manifest.lock\" > /dev/null\nif [ $? != 0 ] ; then\n    # print error to STDERR\n    echo \"error: The sandbox is not in sync with the Podfile.lock. Run 'pod install' or update your CocoaPods installation.\" >&2\n    exit 1\nfi\n# This output is used by Xcode 'outputs' to avoid re-running this script phase.\necho \"SUCCESS\" > \"${SCRIPT_OUTPUT_FILE_0}\"\n";
			showEnvVarsInLog = 0;
		};
		2CE631ED27BA4988004EA327 /* SwiftLint */ = {
			isa = PBXShellScriptBuildPhase;
			buildActionMask = 2147483647;
			files = (
			);
			inputFileListPaths = (
			);
			inputPaths = (
			);
			name = SwiftLint;
			outputFileListPaths = (
			);
			outputPaths = (
			);
			runOnlyForDeploymentPostprocessing = 0;
			shellPath = /bin/sh;
			shellScript = "# Type a script or drag a script file from your workspace to insert its path.\nif which \"${PODS_ROOT}/SwiftLint/swiftlint\" >/dev/null; then\n    ${PODS_ROOT}/SwiftLint/swiftlint\nelse\n    echo \"warning: SwiftLint not installed, download from https://github.com/realm/SwiftLint\"\nfi\n";
		};
/* End PBXShellScriptBuildPhase section */

/* Begin PBXSourcesBuildPhase section */
		08CC51D827BFBB4E00490375 /* Sources */ = {
			isa = PBXSourcesBuildPhase;
			buildActionMask = 2147483647;
			files = (
				0888477029300B0B004EBEF6 /* ExtensionsTestCase.swift in Sources */,
				08884766292FA293004EBEF6 /* StatisticWeekItemTestCase.swift in Sources */,
				08CC51DF27BFBB4E00490375 /* BrainUpTests.swift in Sources */,
				08CC51E627BFC0CE00490375 /* EmptyStatisticCoordinatorTestCase.swift in Sources */,
				0888476E2930047E004EBEF6 /* AnyCoordinator.swift in Sources */,
				08884774293164D9004EBEF6 /* StatisticRequestTestCase.swift in Sources */,
				08884772293162BA004EBEF6 /* DateRangeTestCase.swift in Sources */,
				08CC51E827BFC65A00490375 /* TopTabItemCoordinatorTestCases.swift in Sources */,
				0888476C29300241004EBEF6 /* AppCoordinatorTestCase.swift in Sources */,
				0888476A292FA636004EBEF6 /* CoordinatorTestCase.swift in Sources */,
				08884763292F9EBE004EBEF6 /* LegendViewModelTestCase.swift in Sources */,
			);
			runOnlyForDeploymentPostprocessing = 0;
		};
		2C1DE7C927BA37CE006BCA51 /* Sources */ = {
			isa = PBXSourcesBuildPhase;
			buildActionMask = 2147483647;
			files = (
				082F5A2727DD393500D3ECA9 /* YearsStatisticViewModel.swift in Sources */,
				08CC51D227BFADF300490375 /* YearsStatisticViewController.swift in Sources */,
				08CC51C527BF965200490375 /* YearsStatisticCoordinator.swift in Sources */,
				08890C7527C828550089804E /* StatisticRequest.swift in Sources */,
				2C0824D327BD17BE007537CA /* Coordinator.swift in Sources */,
				082AA33A27C2E1DF00E2BA70 /* UITableView.swift in Sources */,
				08122DAF27BEDDE100F3EF9F /* TopTabItemCoordinator.swift in Sources */,
				082ED54427D62F380056A560 /* YearCollectionFooterView.swift in Sources */,
				08890C8627C977150089804E /* Array.swift in Sources */,
				08CC51CA27BF96A600490375 /* EmptyStatisticViewController.swift in Sources */,
				082AA33F27C382C900E2BA70 /* ChartCell.swift in Sources */,
				2C1DF70227DB3F6F000717F7 /* SplachVC.swift in Sources */,
				2C0824ED27BE54CD007537CA /* AppTabBarController.swift in Sources */,
				2C1DF70427DB3F84000717F7 /* SplashVM.swift in Sources */,
				2C1DE7D527BA37CE006BCA51 /* ViewController.swift in Sources */,
				2CE7DC3927C5063A003404C7 /* AppTextField.swift in Sources */,
				2C1DF6F327D8C377000717F7 /* LogoView.swift in Sources */,
				2C0824E127BD2DB4007537CA /* TabBarCoordinator.swift in Sources */,
				082AA33627C2758B00E2BA70 /* GraphicView.swift in Sources */,
				08890C8C27CAD3710089804E /* GraphicViewModel.swift in Sources */,
				08CC51D727BFB89D00490375 /* ExerciseOpener.swift in Sources */,
				08CC51D027BFADEA00490375 /* WeeksStatisticViewController.swift in Sources */,
				082AA33027C1435700E2BA70 /* StatisticWeekItemsMapper.swift in Sources */,
				08890C8027C8C6E10089804E /* StatisticItemsMapper.swift in Sources */,
				082AA33427C18CD600E2BA70 /* StatisticYearItemsMapper.swift in Sources */,
				08890C7027C57BE40089804E /* ChartCellViewModel.swift in Sources */,
				08CC51BC27BEF42600490375 /* GradientButton.swift in Sources */,
				08890C7E27C8365C0089804E /* StatisticDateHelper.swift in Sources */,
				2C1DF6F127D8B992000717F7 /* AuthVM.swift in Sources */,
				0890534527BFDE4A00BB27A8 /* Strings.swift in Sources */,
				2C0824D527BD17FE007537CA /* AppCoordinator.swift in Sources */,
				082AA33827C2E12600E2BA70 /* UIView.swift in Sources */,
				2CEE9FAA27BCCB2200CDD927 /* UIColor.swift in Sources */,
				2C3B220827C7ADC300B6260C /* AppTextFieldWithClear.swift in Sources */,
				2C0824DA27BD19C1007537CA /* AuthVC.swift in Sources */,
				08EB762227E6150100FF6B09 /* YearCollectionCellViewModel.swift in Sources */,
				082AA33D27C3808400E2BA70 /* ColumnView.swift in Sources */,
				2C1DF6F927D9DFB3000717F7 /* Token.swift in Sources */,
				2C0824E727BE22C9007537CA /* DiagnosticsCoordinator.swift in Sources */,
				2C8DBEE827BF85F3002184BF /* Request.swift in Sources */,
				2C38BA5827BF9CE5002C90F5 /* Encoding.swift in Sources */,
				2C3B220627C7A5A900B6260C /* LogoLabel.swift in Sources */,
				2C0824E327BD34E3007537CA /* TabBarPage.swift in Sources */,
				08122DA727BE813D00F3EF9F /* TabBarItemViewController.swift in Sources */,
				082AA33227C1868E00E2BA70 /* Date.swift in Sources */,
				082F5A2927DE24DE00D3ECA9 /* PaddingLabel.swift in Sources */,
				08890C8427C96D4A0089804E /* NetworkServiceMock.swift in Sources */,
				08890C6E27C52BB50089804E /* LegendView.swift in Sources */,
				08CC51C727BF965A00490375 /* WeeksStatisticCoordinator.swift in Sources */,
				2C0824D827BD1928007537CA /* AuthCoordinator.swift in Sources */,
				08890C7727C831670089804E /* StatisticProgress.swift in Sources */,
				2C0824EB27BE232C007537CA /* ExersicesCoordinator.swift in Sources */,
				08CC51CC27BF9D0E00490375 /* TabBarItemViewModel.swift in Sources */,
				2C0824E927BE22F6007537CA /* StatisticsCoordinator.swift in Sources */,
				08890C7227C57C080089804E /* WeeksStatisticViewModel.swift in Sources */,
				08890C7927C831CD0089804E /* StatisticMonthItem.swift in Sources */,
				2C8DBEEC27BF89B9002184BF /* NetworkService.swift in Sources */,
				2C8DBEE427BF83B8002184BF /* HTTPMethod.swift in Sources */,
				2C38BA5427BF9C0D002C90F5 /* AlamofireNetworkService.swift in Sources */,
				2C0824E527BE21EF007537CA /* ProfileCoordinator.swift in Sources */,
				2C1DF6F727D8E11C000717F7 /* WhiteButton.swift in Sources */,
				2C3B220427C7A48C00B6260C /* LogoImageView.swift in Sources */,
				08122DA927BE816900F3EF9F /* TopTabView.swift in Sources */,
				08CC51D427BFB31D00490375 /* EmptyStatisticViewModel.swift in Sources */,
				08CC51BE27BEF4B800490375 /* UIFont.swift in Sources */,
				082ED54627D62F4D0056A560 /* YearCollectionCell.swift in Sources */,
				08890C7B27C832110089804E /* StatisticDayItem.swift in Sources */,
				2C8DBEDE27BE6A7B002184BF /* AppNavigationController.swift in Sources */,
				08890C8A27CA69790089804E /* DashedView.swift in Sources */,
				082ED54227D62F160056A560 /* YearCollectionHeaderView.swift in Sources */,
				08CC51C327BF964500490375 /* EmptyStatisticCoordinator.swift in Sources */,
				08890C9027CAD3AF0089804E /* LegendViewModel.swift in Sources */,
				08890C8E27CAD38B0089804E /* ColumnViewModel.swift in Sources */,
				08890C8827C977B40089804E /* StatisticWeekItem.swift in Sources */,
				2C1DE7D127BA37CE006BCA51 /* AppDelegate.swift in Sources */,
				2C3B220A27C7B5BD00B6260C /* AppTextFieldPassword.swift in Sources */,
				2C0824F127BE6285007537CA /* CAGradientLayer.swift in Sources */,
				2C1DF6F527D8D151000717F7 /* BasicVC.swift in Sources */,
			);
			runOnlyForDeploymentPostprocessing = 0;
		};
/* End PBXSourcesBuildPhase section */

/* Begin PBXTargetDependency section */
		08CC51E127BFBB4E00490375 /* PBXTargetDependency */ = {
			isa = PBXTargetDependency;
			target = 2C1DE7CC27BA37CE006BCA51 /* BrainUp */;
			targetProxy = 08CC51E027BFBB4E00490375 /* PBXContainerItemProxy */;
		};
/* End PBXTargetDependency section */

/* Begin PBXVariantGroup section */
		0890534127BFDD4100BB27A8 /* Localizable.strings */ = {
			isa = PBXVariantGroup;
			children = (
				0890534027BFDD4100BB27A8 /* en */,
				0890534327BFDD5A00BB27A8 /* ru */,
			);
			name = Localizable.strings;
			sourceTree = "<group>";
		};
/* End PBXVariantGroup section */

/* Begin XCBuildConfiguration section */
		08CC51E327BFBB4E00490375 /* Debug */ = {
			isa = XCBuildConfiguration;
			buildSettings = {
				BUNDLE_LOADER = "$(TEST_HOST)";
				CODE_SIGN_STYLE = Automatic;
				CURRENT_PROJECT_VERSION = 1;
				GENERATE_INFOPLIST_FILE = YES;
				MARKETING_VERSION = 1.0;
				PRODUCT_BUNDLE_IDENTIFIER = com.BrainUp.BrainUpTests;
				PRODUCT_NAME = "$(TARGET_NAME)";
				SWIFT_EMIT_LOC_STRINGS = NO;
				SWIFT_VERSION = 5.0;
				TARGETED_DEVICE_FAMILY = "1,2";
				TEST_HOST = "$(BUILT_PRODUCTS_DIR)/BrainUp.app/BrainUp";
			};
			name = Debug;
		};
		08CC51E427BFBB4E00490375 /* Release */ = {
			isa = XCBuildConfiguration;
			buildSettings = {
				BUNDLE_LOADER = "$(TEST_HOST)";
				CODE_SIGN_STYLE = Automatic;
				CURRENT_PROJECT_VERSION = 1;
				GENERATE_INFOPLIST_FILE = YES;
				MARKETING_VERSION = 1.0;
				PRODUCT_BUNDLE_IDENTIFIER = com.BrainUp.BrainUpTests;
				PRODUCT_NAME = "$(TARGET_NAME)";
				SWIFT_EMIT_LOC_STRINGS = NO;
				SWIFT_VERSION = 5.0;
				TARGETED_DEVICE_FAMILY = "1,2";
				TEST_HOST = "$(BUILT_PRODUCTS_DIR)/BrainUp.app/BrainUp";
			};
			name = Release;
		};
		2C1DE7DF27BA37D0006BCA51 /* Debug */ = {
			isa = XCBuildConfiguration;
			buildSettings = {
				ALWAYS_SEARCH_USER_PATHS = NO;
				CLANG_ANALYZER_LOCALIZABILITY_NONLOCALIZED = YES;
				CLANG_ANALYZER_NONNULL = YES;
				CLANG_ANALYZER_NUMBER_OBJECT_CONVERSION = YES_AGGRESSIVE;
				CLANG_CXX_LANGUAGE_STANDARD = "gnu++17";
				CLANG_CXX_LIBRARY = "libc++";
				CLANG_ENABLE_MODULES = YES;
				CLANG_ENABLE_OBJC_ARC = YES;
				CLANG_ENABLE_OBJC_WEAK = YES;
				CLANG_WARN_BLOCK_CAPTURE_AUTORELEASING = YES;
				CLANG_WARN_BOOL_CONVERSION = YES;
				CLANG_WARN_COMMA = YES;
				CLANG_WARN_CONSTANT_CONVERSION = YES;
				CLANG_WARN_DEPRECATED_OBJC_IMPLEMENTATIONS = YES;
				CLANG_WARN_DIRECT_OBJC_ISA_USAGE = YES_ERROR;
				CLANG_WARN_DOCUMENTATION_COMMENTS = YES;
				CLANG_WARN_EMPTY_BODY = YES;
				CLANG_WARN_ENUM_CONVERSION = YES;
				CLANG_WARN_INFINITE_RECURSION = YES;
				CLANG_WARN_INT_CONVERSION = YES;
				CLANG_WARN_NON_LITERAL_NULL_CONVERSION = YES;
				CLANG_WARN_OBJC_IMPLICIT_RETAIN_SELF = YES;
				CLANG_WARN_OBJC_LITERAL_CONVERSION = YES;
				CLANG_WARN_OBJC_ROOT_CLASS = YES_ERROR;
				CLANG_WARN_QUOTED_INCLUDE_IN_FRAMEWORK_HEADER = YES;
				CLANG_WARN_RANGE_LOOP_ANALYSIS = YES;
				CLANG_WARN_STRICT_PROTOTYPES = YES;
				CLANG_WARN_SUSPICIOUS_MOVE = YES;
				CLANG_WARN_UNGUARDED_AVAILABILITY = YES_AGGRESSIVE;
				CLANG_WARN_UNREACHABLE_CODE = YES;
				CLANG_WARN__DUPLICATE_METHOD_MATCH = YES;
				COPY_PHASE_STRIP = NO;
				DEBUG_INFORMATION_FORMAT = dwarf;
				ENABLE_STRICT_OBJC_MSGSEND = YES;
				ENABLE_TESTABILITY = YES;
				GCC_C_LANGUAGE_STANDARD = gnu11;
				GCC_DYNAMIC_NO_PIC = NO;
				GCC_NO_COMMON_BLOCKS = YES;
				GCC_OPTIMIZATION_LEVEL = 0;
				GCC_PREPROCESSOR_DEFINITIONS = (
					"DEBUG=1",
					"$(inherited)",
				);
				GCC_WARN_64_TO_32_BIT_CONVERSION = YES;
				GCC_WARN_ABOUT_RETURN_TYPE = YES_ERROR;
				GCC_WARN_UNDECLARED_SELECTOR = YES;
				GCC_WARN_UNINITIALIZED_AUTOS = YES_AGGRESSIVE;
				GCC_WARN_UNUSED_FUNCTION = YES;
				GCC_WARN_UNUSED_VARIABLE = YES;
				IPHONEOS_DEPLOYMENT_TARGET = 15.2;
				MTL_ENABLE_DEBUG_INFO = INCLUDE_SOURCE;
				MTL_FAST_MATH = YES;
				ONLY_ACTIVE_ARCH = YES;
				SDKROOT = iphoneos;
				SWIFT_ACTIVE_COMPILATION_CONDITIONS = DEBUG;
				SWIFT_OPTIMIZATION_LEVEL = "-Onone";
			};
			name = Debug;
		};
		2C1DE7E027BA37D0006BCA51 /* Release */ = {
			isa = XCBuildConfiguration;
			buildSettings = {
				ALWAYS_SEARCH_USER_PATHS = NO;
				CLANG_ANALYZER_LOCALIZABILITY_NONLOCALIZED = YES;
				CLANG_ANALYZER_NONNULL = YES;
				CLANG_ANALYZER_NUMBER_OBJECT_CONVERSION = YES_AGGRESSIVE;
				CLANG_CXX_LANGUAGE_STANDARD = "gnu++17";
				CLANG_CXX_LIBRARY = "libc++";
				CLANG_ENABLE_MODULES = YES;
				CLANG_ENABLE_OBJC_ARC = YES;
				CLANG_ENABLE_OBJC_WEAK = YES;
				CLANG_WARN_BLOCK_CAPTURE_AUTORELEASING = YES;
				CLANG_WARN_BOOL_CONVERSION = YES;
				CLANG_WARN_COMMA = YES;
				CLANG_WARN_CONSTANT_CONVERSION = YES;
				CLANG_WARN_DEPRECATED_OBJC_IMPLEMENTATIONS = YES;
				CLANG_WARN_DIRECT_OBJC_ISA_USAGE = YES_ERROR;
				CLANG_WARN_DOCUMENTATION_COMMENTS = YES;
				CLANG_WARN_EMPTY_BODY = YES;
				CLANG_WARN_ENUM_CONVERSION = YES;
				CLANG_WARN_INFINITE_RECURSION = YES;
				CLANG_WARN_INT_CONVERSION = YES;
				CLANG_WARN_NON_LITERAL_NULL_CONVERSION = YES;
				CLANG_WARN_OBJC_IMPLICIT_RETAIN_SELF = YES;
				CLANG_WARN_OBJC_LITERAL_CONVERSION = YES;
				CLANG_WARN_OBJC_ROOT_CLASS = YES_ERROR;
				CLANG_WARN_QUOTED_INCLUDE_IN_FRAMEWORK_HEADER = YES;
				CLANG_WARN_RANGE_LOOP_ANALYSIS = YES;
				CLANG_WARN_STRICT_PROTOTYPES = YES;
				CLANG_WARN_SUSPICIOUS_MOVE = YES;
				CLANG_WARN_UNGUARDED_AVAILABILITY = YES_AGGRESSIVE;
				CLANG_WARN_UNREACHABLE_CODE = YES;
				CLANG_WARN__DUPLICATE_METHOD_MATCH = YES;
				COPY_PHASE_STRIP = NO;
				DEBUG_INFORMATION_FORMAT = "dwarf-with-dsym";
				ENABLE_NS_ASSERTIONS = NO;
				ENABLE_STRICT_OBJC_MSGSEND = YES;
				GCC_C_LANGUAGE_STANDARD = gnu11;
				GCC_NO_COMMON_BLOCKS = YES;
				GCC_WARN_64_TO_32_BIT_CONVERSION = YES;
				GCC_WARN_ABOUT_RETURN_TYPE = YES_ERROR;
				GCC_WARN_UNDECLARED_SELECTOR = YES;
				GCC_WARN_UNINITIALIZED_AUTOS = YES_AGGRESSIVE;
				GCC_WARN_UNUSED_FUNCTION = YES;
				GCC_WARN_UNUSED_VARIABLE = YES;
				IPHONEOS_DEPLOYMENT_TARGET = 15.2;
				MTL_ENABLE_DEBUG_INFO = NO;
				MTL_FAST_MATH = YES;
				SDKROOT = iphoneos;
				SWIFT_COMPILATION_MODE = wholemodule;
				SWIFT_OPTIMIZATION_LEVEL = "-O";
				VALIDATE_PRODUCT = YES;
			};
			name = Release;
		};
		2C1DE7E227BA37D0006BCA51 /* Debug */ = {
			isa = XCBuildConfiguration;
			baseConfigurationReference = DE54A60FC2B7F8B70A6F844C /* Pods-BrainUp.debug.xcconfig */;
			buildSettings = {
				ASSETCATALOG_COMPILER_APPICON_NAME = AppIcon;
				ASSETCATALOG_COMPILER_GLOBAL_ACCENT_COLOR_NAME = AccentColor;
				CODE_SIGN_STYLE = Automatic;
				CURRENT_PROJECT_VERSION = 1;
				GENERATE_INFOPLIST_FILE = YES;
				INFOPLIST_FILE = BrainUp/Info.plist;
				INFOPLIST_KEY_UIApplicationSupportsIndirectInputEvents = YES;
				INFOPLIST_KEY_UISupportedInterfaceOrientations_iPad = "UIInterfaceOrientationPortrait UIInterfaceOrientationPortraitUpsideDown UIInterfaceOrientationLandscapeLeft UIInterfaceOrientationLandscapeRight";
				INFOPLIST_KEY_UISupportedInterfaceOrientations_iPhone = "UIInterfaceOrientationPortrait UIInterfaceOrientationLandscapeLeft UIInterfaceOrientationLandscapeRight";
				IPHONEOS_DEPLOYMENT_TARGET = 14.0;
				LD_RUNPATH_SEARCH_PATHS = (
					"$(inherited)",
					"@executable_path/Frameworks",
				);
				MARKETING_VERSION = 1.0;
				PRODUCT_BUNDLE_IDENTIFIER = com.BrainUp.spb;
				PRODUCT_NAME = "$(TARGET_NAME)";
				SWIFT_EMIT_LOC_STRINGS = YES;
				SWIFT_VERSION = 5.0;
				TARGETED_DEVICE_FAMILY = 1;
			};
			name = Debug;
		};
		2C1DE7E327BA37D0006BCA51 /* Release */ = {
			isa = XCBuildConfiguration;
			baseConfigurationReference = D5C802AB4498D4351354B4D4 /* Pods-BrainUp.release.xcconfig */;
			buildSettings = {
				ASSETCATALOG_COMPILER_APPICON_NAME = AppIcon;
				ASSETCATALOG_COMPILER_GLOBAL_ACCENT_COLOR_NAME = AccentColor;
				CODE_SIGN_STYLE = Automatic;
				CURRENT_PROJECT_VERSION = 1;
				GENERATE_INFOPLIST_FILE = YES;
				INFOPLIST_FILE = BrainUp/Info.plist;
				INFOPLIST_KEY_UIApplicationSupportsIndirectInputEvents = YES;
				INFOPLIST_KEY_UISupportedInterfaceOrientations_iPad = "UIInterfaceOrientationPortrait UIInterfaceOrientationPortraitUpsideDown UIInterfaceOrientationLandscapeLeft UIInterfaceOrientationLandscapeRight";
				INFOPLIST_KEY_UISupportedInterfaceOrientations_iPhone = "UIInterfaceOrientationPortrait UIInterfaceOrientationLandscapeLeft UIInterfaceOrientationLandscapeRight";
				IPHONEOS_DEPLOYMENT_TARGET = 14.0;
				LD_RUNPATH_SEARCH_PATHS = (
					"$(inherited)",
					"@executable_path/Frameworks",
				);
				MARKETING_VERSION = 1.0;
				PRODUCT_BUNDLE_IDENTIFIER = com.BrainUp.spb;
				PRODUCT_NAME = "$(TARGET_NAME)";
				SWIFT_EMIT_LOC_STRINGS = YES;
				SWIFT_VERSION = 5.0;
				TARGETED_DEVICE_FAMILY = 1;
			};
			name = Release;
		};
/* End XCBuildConfiguration section */

/* Begin XCConfigurationList section */
		08CC51E227BFBB4E00490375 /* Build configuration list for PBXNativeTarget "BrainUpTests" */ = {
			isa = XCConfigurationList;
			buildConfigurations = (
				08CC51E327BFBB4E00490375 /* Debug */,
				08CC51E427BFBB4E00490375 /* Release */,
			);
			defaultConfigurationIsVisible = 0;
			defaultConfigurationName = Release;
		};
		2C1DE7C827BA37CE006BCA51 /* Build configuration list for PBXProject "BrainUp" */ = {
			isa = XCConfigurationList;
			buildConfigurations = (
				2C1DE7DF27BA37D0006BCA51 /* Debug */,
				2C1DE7E027BA37D0006BCA51 /* Release */,
			);
			defaultConfigurationIsVisible = 0;
			defaultConfigurationName = Release;
		};
		2C1DE7E127BA37D0006BCA51 /* Build configuration list for PBXNativeTarget "BrainUp" */ = {
			isa = XCConfigurationList;
			buildConfigurations = (
				2C1DE7E227BA37D0006BCA51 /* Debug */,
				2C1DE7E327BA37D0006BCA51 /* Release */,
			);
			defaultConfigurationIsVisible = 0;
			defaultConfigurationName = Release;
		};
/* End XCConfigurationList section */

/* Begin XCRemoteSwiftPackageReference section */
		2C1DF6E927D88B24000717F7 /* XCRemoteSwiftPackageReference "firebase-ios-sdk" */ = {
			isa = XCRemoteSwiftPackageReference;
			repositoryURL = "https://github.com/firebase/firebase-ios-sdk";
			requirement = {
				kind = upToNextMajorVersion;
				minimumVersion = 8.0.0;
			};
		};
		2C1DF6FB27D9E66F000717F7 /* XCRemoteSwiftPackageReference "keychain-swift" */ = {
			isa = XCRemoteSwiftPackageReference;
			repositoryURL = "https://github.com/evgenyneu/keychain-swift.git";
			requirement = {
				branch = master;
				kind = branch;
			};
		};
		2C8DBEE027BF813B002184BF /* XCRemoteSwiftPackageReference "Alamofire" */ = {
			isa = XCRemoteSwiftPackageReference;
			repositoryURL = "https://github.com/Alamofire/Alamofire.git";
			requirement = {
				kind = upToNextMajorVersion;
				minimumVersion = 5.5.0;
			};
		};
/* End XCRemoteSwiftPackageReference section */

/* Begin XCSwiftPackageProductDependency section */
		2C1DF6EA27D88B24000717F7 /* FirebaseAuth */ = {
			isa = XCSwiftPackageProductDependency;
			package = 2C1DF6E927D88B24000717F7 /* XCRemoteSwiftPackageReference "firebase-ios-sdk" */;
			productName = FirebaseAuth;
		};
		2C1DF6FC27D9E66F000717F7 /* KeychainSwift */ = {
			isa = XCSwiftPackageProductDependency;
			package = 2C1DF6FB27D9E66F000717F7 /* XCRemoteSwiftPackageReference "keychain-swift" */;
			productName = KeychainSwift;
		};
		2C8DBEE127BF813B002184BF /* Alamofire */ = {
			isa = XCSwiftPackageProductDependency;
			package = 2C8DBEE027BF813B002184BF /* XCRemoteSwiftPackageReference "Alamofire" */;
			productName = Alamofire;
		};
/* End XCSwiftPackageProductDependency section */
	};
	rootObject = 2C1DE7C527BA37CE006BCA51 /* Project object */;
}
